
Microsoft Visual Studio Solution File, Format Version 12.00
# Visual Studio 2013
VisualStudioVersion = 12.0.31101.0
MinimumVisualStudioVersion = 10.0.40219.1
Project("{FAE04EC0-301F-11D3-BF4B-00C04F79EFBC}") = "GA1", "GA1\GA1.csproj", "{FE9BC840-BBC4-4101-81B7-F28855597EE2}"
EndProject
Project("{FAE04EC0-301F-11D3-BF4B-00C04F79EFBC}") = "GA1.Tests", "GA1.Tests\GA1.Tests.csproj", "{63020E18-CD2E-4AE8-83A2-E59C4998C6ED}"
EndProject
Global
	GlobalSection(SolutionConfigurationPlatforms) = preSolution
		Debug|Any CPU = Debug|Any CPU
		Release|Any CPU = Release|Any CPU
	EndGlobalSection
	GlobalSection(ProjectConfigurationPlatforms) = postSolution
		{FE9BC840-BBC4-4101-81B7-F28855597EE2}.Debug|Any CPU.ActiveCfg = Debug|Any CPU
		{FE9BC840-BBC4-4101-81B7-F28855597EE2}.Debug|Any CPU.Build.0 = Debug|Any CPU
		{FE9BC840-BBC4-4101-81B7-F28855597EE2}.Release|Any CPU.ActiveCfg = Release|Any CPU
		{FE9BC840-BBC4-4101-81B7-F28855597EE2}.Release|Any CPU.Build.0 = Release|Any CPU
		{63020E18-CD2E-4AE8-83A2-E59C4998C6ED}.Debug|Any CPU.ActiveCfg = Debug|Any CPU
		{63020E18-CD2E-4AE8-83A2-E59C4998C6ED}.Debug|Any CPU.Build.0 = Debug|Any CPU
		{63020E18-CD2E-4AE8-83A2-E59C4998C6ED}.Release|Any CPU.ActiveCfg = Release|Any CPU
		{63020E18-CD2E-4AE8-83A2-E59C4998C6ED}.Release|Any CPU.Build.0 = Release|Any CPU
	EndGlobalSection
	GlobalSection(SolutionProperties) = preSolution
		HideSolutionNode = FALSE
	EndGlobalSection
EndGlobal
